
Microsoft Visual Studio Solution File, Format Version 12.00
# Visual Studio Version 17
VisualStudioVersion = 17.14.36310.24
MinimumVisualStudioVersion = 10.0.40219.1
Project("{FAE04EC0-301F-11D3-BF4B-00C04F79EFBC}") = "TaskTracker", "TaskTracker\TaskTracker.csproj", "{58E19037-B992-4C1C-B600-CB19CCE391E2}"
EndProject
Global
	GlobalSection(SolutionConfigurationPlatforms) = preSolution
		Debug|Any CPU = Debug|Any CPU
		Release|Any CPU = Release|Any CPU
	EndGlobalSection
	GlobalSection(ProjectConfigurationPlatforms) = postSolution
		{58E19037-B992-4C1C-B600-CB19CCE391E2}.Debug|Any CPU.ActiveCfg = Debug|Any CPU
		{58E19037-B992-4C1C-B600-CB19CCE391E2}.Debug|Any CPU.Build.0 = Debug|Any CPU
		{58E19037-B992-4C1C-B600-CB19CCE391E2}.Release|Any CPU.ActiveCfg = Release|Any CPU
		{58E19037-B992-4C1C-B600-CB19CCE391E2}.Release|Any CPU.Build.0 = Release|Any CPU
	EndGlobalSection
	GlobalSection(SolutionProperties) = preSolution
		HideSolutionNode = FALSE
	EndGlobalSection
	GlobalSection(ExtensibilityGlobals) = postSolution
		SolutionGuid = {23EA4570-3460-4012-B484-D8173585A452}
	EndGlobalSection
EndGlobal
